
Microsoft Visual Studio Solution File, Format Version 12.00
# Visual Studio 2012
Project("{E24C65DC-7377-472B-9ABA-BC803B73C61A}") = "NewsFeed", "http://localhost:58853", "{35388F5C-69E3-4454-963C-E7A970998A28}"
	ProjectSection(WebsiteProperties) = preProject
		UseIISExpress = "true"
		TargetFrameworkMoniker = ".NETFramework,Version%3Dv4.6.1"
		ProjectReferences = "{d8d59a38-85bc-4cbb-8923-6debd32c9a49}|BalancedBias.Common.dll;{ED0E3C52-52BB-416E-9F0A-666C965DFA05}|BalancedBias.Rss.dll;"
		Debug.AspNetCompiler.VirtualPath = "/localhost_58853"
		Debug.AspNetCompiler.PhysicalPath = "Web\NewsFeed\"
		Debug.AspNetCompiler.TargetPath = "PrecompiledWeb\localhost_58853\"
		Debug.AspNetCompiler.Updateable = "true"
		Debug.AspNetCompiler.ForceOverwrite = "true"
		Debug.AspNetCompiler.FixedNames = "false"
		Debug.AspNetCompiler.Debug = "True"
		Release.AspNetCompiler.VirtualPath = "/localhost_58853"
		Release.AspNetCompiler.PhysicalPath = "Web\NewsFeed\"
		Release.AspNetCompiler.TargetPath = "PrecompiledWeb\localhost_58853\"
		Release.AspNetCompiler.Updateable = "true"
		Release.AspNetCompiler.ForceOverwrite = "true"
		Release.AspNetCompiler.FixedNames = "false"
		Release.AspNetCompiler.Debug = "False"
		SlnRelativePath = "Web\NewsFeed\"
		DefaultWebSiteLanguage = "Visual C#"
	EndProjectSection
EndProject
Project("{E24C65DC-7377-472B-9ABA-BC803B73C61A}") = "Media", "http://localhost:63314", "{A1B62CD0-3536-40C6-AC70-74C4B077439C}"
	ProjectSection(WebsiteProperties) = preProject
		UseIISExpress = "true"
		TargetFrameworkMoniker = ".NETFramework,Version%3Dv4.6.1"
		Debug.AspNetCompiler.VirtualPath = "/localhost_63314"
		Debug.AspNetCompiler.PhysicalPath = "Web\Media\"
		Debug.AspNetCompiler.TargetPath = "PrecompiledWeb\localhost_63314\"
		Debug.AspNetCompiler.Updateable = "true"
		Debug.AspNetCompiler.ForceOverwrite = "true"
		Debug.AspNetCompiler.FixedNames = "false"
		Debug.AspNetCompiler.Debug = "True"
		Release.AspNetCompiler.VirtualPath = "/localhost_63314"
		Release.AspNetCompiler.PhysicalPath = "Web\Media\"
		Release.AspNetCompiler.TargetPath = "PrecompiledWeb\localhost_63314\"
		Release.AspNetCompiler.Updateable = "true"
		Release.AspNetCompiler.ForceOverwrite = "true"
		Release.AspNetCompiler.FixedNames = "false"
		Release.AspNetCompiler.Debug = "False"
		SlnRelativePath = "Web\Media\"
		DefaultWebSiteLanguage = "Visual C#"
	EndProjectSection
EndProject
Project("{2150E333-8FDC-42A3-9474-1A3956D46DE8}") = "Solution Items", "Solution Items", "{A6FF75F1-8EFD-42D8-B811-CE13CA8B7200}"
	ProjectSection(SolutionItems) = preProject
		NewsMediaBias.jpg = NewsMediaBias.jpg
		README.md = README.md
		RSSNews.md = RSSNews.md
	EndProjectSection
EndProject
Project("{FAE04EC0-301F-11D3-BF4B-00C04F79EFBC}") = "BalancedBias.Common", "BalancedBias.Common\BalancedBias.Common.csproj", "{D8D59A38-85BC-4CBB-8923-6DEBD32C9A49}"
EndProject
Project("{FAE04EC0-301F-11D3-BF4B-00C04F79EFBC}") = "BalancedBias.Web", "BalancedBias.Web\BalancedBias.Web.csproj", "{93EFCD58-5092-43B1-8A31-1446694A7795}"
EndProject
Project("{FAE04EC0-301F-11D3-BF4B-00C04F79EFBC}") = "BalancedBias.Rss", "BalancedBias.Rss\BalancedBias.Rss.csproj", "{ED0E3C52-52BB-416E-9F0A-666C965DFA05}"
EndProject
Global
	GlobalSection(SolutionConfigurationPlatforms) = preSolution
		Debug|Any CPU = Debug|Any CPU
		Release|Any CPU = Release|Any CPU
	EndGlobalSection
	GlobalSection(ProjectConfigurationPlatforms) = postSolution
		{35388F5C-69E3-4454-963C-E7A970998A28}.Debug|Any CPU.ActiveCfg = Debug|Any CPU
		{35388F5C-69E3-4454-963C-E7A970998A28}.Debug|Any CPU.Build.0 = Debug|Any CPU
		{35388F5C-69E3-4454-963C-E7A970998A28}.Release|Any CPU.ActiveCfg = Debug|Any CPU
		{35388F5C-69E3-4454-963C-E7A970998A28}.Release|Any CPU.Build.0 = Debug|Any CPU
		{A1B62CD0-3536-40C6-AC70-74C4B077439C}.Debug|Any CPU.ActiveCfg = Debug|Any CPU
		{A1B62CD0-3536-40C6-AC70-74C4B077439C}.Debug|Any CPU.Build.0 = Debug|Any CPU
		{A1B62CD0-3536-40C6-AC70-74C4B077439C}.Release|Any CPU.ActiveCfg = Debug|Any CPU
		{A1B62CD0-3536-40C6-AC70-74C4B077439C}.Release|Any CPU.Build.0 = Debug|Any CPU
		{D8D59A38-85BC-4CBB-8923-6DEBD32C9A49}.Debug|Any CPU.ActiveCfg = Debug|Any CPU
		{D8D59A38-85BC-4CBB-8923-6DEBD32C9A49}.Debug|Any CPU.Build.0 = Debug|Any CPU
		{D8D59A38-85BC-4CBB-8923-6DEBD32C9A49}.Release|Any CPU.ActiveCfg = Release|Any CPU
		{D8D59A38-85BC-4CBB-8923-6DEBD32C9A49}.Release|Any CPU.Build.0 = Release|Any CPU
		{93EFCD58-5092-43B1-8A31-1446694A7795}.Debug|Any CPU.ActiveCfg = Debug|Any CPU
		{93EFCD58-5092-43B1-8A31-1446694A7795}.Debug|Any CPU.Build.0 = Debug|Any CPU
		{93EFCD58-5092-43B1-8A31-1446694A7795}.Release|Any CPU.ActiveCfg = Release|Any CPU
		{93EFCD58-5092-43B1-8A31-1446694A7795}.Release|Any CPU.Build.0 = Release|Any CPU
		{ED0E3C52-52BB-416E-9F0A-666C965DFA05}.Debug|Any CPU.ActiveCfg = Debug|Any CPU
		{ED0E3C52-52BB-416E-9F0A-666C965DFA05}.Debug|Any CPU.Build.0 = Debug|Any CPU
		{ED0E3C52-52BB-416E-9F0A-666C965DFA05}.Release|Any CPU.ActiveCfg = Release|Any CPU
		{ED0E3C52-52BB-416E-9F0A-666C965DFA05}.Release|Any CPU.Build.0 = Release|Any CPU
	EndGlobalSection
	GlobalSection(SolutionProperties) = preSolution
		HideSolutionNode = FALSE
	EndGlobalSection
EndGlobal
